Microsoft Visual Studio Solution File, Format Version 12.00
# Visual Studio Version 17
VisualStudioVersion = 17.0.31903.59
MinimumVisualStudioVersion = 10.0.40219.1
Project("{FAE04EC0-301F-11D3-BF4B-00C04F79EFBC}") = "Hero of Eternia", "HeroOfEternia.csproj", "{A6DC8CD3-513D-4C67-BA9E-C896E4C861B5}"
EndProject
Global
	GlobalSection(SolutionConfigurationPlatforms) = preSolution
		Debug|Any CPU = Debug|Any CPU
		ExportDebug|Any CPU = ExportDebug|Any CPU
		ExportRelease|Any CPU = ExportRelease|Any CPU
	EndGlobalSection
	GlobalSection(ProjectConfigurationPlatforms) = postSolution
		{A6DC8CD3-513D-4C67-BA9E-C896E4C861B5}.Debug|Any CPU.ActiveCfg = Debug|Any CPU
		{A6DC8CD3-513D-4C67-BA9E-C896E4C861B5}.Debug|Any CPU.Build.0 = Debug|Any CPU
		{A6DC8CD3-513D-4C67-BA9E-C896E4C861B5}.ExportDebug|Any CPU.ActiveCfg = ExportDebug|Any CPU
		{A6DC8CD3-513D-4C67-BA9E-C896E4C861B5}.ExportDebug|Any CPU.Build.0 = ExportDebug|Any CPU
		{A6DC8CD3-513D-4C67-BA9E-C896E4C861B5}.ExportRelease|Any CPU.ActiveCfg = ExportRelease|Any CPU
		{A6DC8CD3-513D-4C67-BA9E-C896E4C861B5}.ExportRelease|Any CPU.Build.0 = ExportRelease|Any CPU
	EndGlobalSection
EndGlobal
